// !$*UTF8*$!
{
	archiveVersion = 1;
	classes = {
	};
	objectVersion = 50;
	objects = {

/* Begin PBXBuildFile section */
		6700EA52228B2281000EE5AA /* AppDelegate.swift in Sources */ = {isa = PBXBuildFile; fileRef = 6700EA51228B2281000EE5AA /* AppDelegate.swift */; };
		6700EA54228B2281000EE5AA /* ViewController.swift in Sources */ = {isa = PBXBuildFile; fileRef = 6700EA53228B2281000EE5AA /* ViewController.swift */; };
		6700EA57228B2281000EE5AA /* Main.storyboard in Resources */ = {isa = PBXBuildFile; fileRef = 6700EA55228B2281000EE5AA /* Main.storyboard */; };
		6700EA59228B2282000EE5AA /* Assets.xcassets in Resources */ = {isa = PBXBuildFile; fileRef = 6700EA58228B2282000EE5AA /* Assets.xcassets */; };
		6700EA5C228B2282000EE5AA /* LaunchScreen.storyboard in Resources */ = {isa = PBXBuildFile; fileRef = 6700EA5A228B2282000EE5AA /* LaunchScreen.storyboard */; };
		6700EA67228B2282000EE5AA /* dateAndTimeDisplay05Tests.swift in Sources */ = {isa = PBXBuildFile; fileRef = 6700EA66228B2282000EE5AA /* dateAndTimeDisplay05Tests.swift */; };
		6700EA72228B2282000EE5AA /* dateAndTimeDisplay05UITests.swift in Sources */ = {isa = PBXBuildFile; fileRef = 6700EA71228B2282000EE5AA /* dateAndTimeDisplay05UITests.swift */; };
/* End PBXBuildFile section */

/* Begin PBXContainerItemProxy section */
		6700EA63228B2282000EE5AA /* PBXContainerItemProxy */ = {
			isa = PBXContainerItemProxy;
			containerPortal = 6700EA46228B2281000EE5AA /* Project object */;
			proxyType = 1;
			remoteGlobalIDString = 6700EA4D228B2281000EE5AA;
			remoteInfo = dateAndTimeDisplay05;
		};
		6700EA6E228B2282000EE5AA /* PBXContainerItemProxy */ = {
			isa = PBXContainerItemProxy;
			containerPortal = 6700EA46228B2281000EE5AA /* Project object */;
			proxyType = 1;
			remoteGlobalIDString = 6700EA4D228B2281000EE5AA;
			remoteInfo = dateAndTimeDisplay05;
		};
/* End PBXContainerItemProxy section */

/* Begin PBXFileReference section */
		6700EA4E228B2281000EE5AA /* dateAndTimeDisplay05.app */ = {isa = PBXFileReference; explicitFileType = wrapper.application; includeInIndex = 0; path = dateAndTimeDisplay05.app; sourceTree = BUILT_PRODUCTS_DIR; };
		6700EA51228B2281000EE5AA /* AppDelegate.swift */ = {isa = PBXFileReference; lastKnownFileType = sourcecode.swift; path = AppDelegate.swift; sourceTree = "<group>"; };
		6700EA53228B2281000EE5AA /* ViewController.swift */ = {isa = PBXFileReference; lastKnownFileType = sourcecode.swift; path = ViewController.swift; sourceTree = "<group>"; };
		6700EA56228B2281000EE5AA /* Base */ = {isa = PBXFileReference; lastKnownFileType = file.storyboard; name = Base; path = Base.lproj/Main.storyboard; sourceTree = "<group>"; };
		6700EA58228B2282000EE5AA /* Assets.xcassets */ = {isa = PBXFileReference; lastKnownFileType = folder.assetcatalog; path = Assets.xcassets; sourceTree = "<group>"; };
		6700EA5B228B2282000EE5AA /* Base */ = {isa = PBXFileReference; lastKnownFileType = file.storyboard; name = Base; path = Base.lproj/LaunchScreen.storyboard; sourceTree = "<group>"; };
		6700EA5D228B2282000EE5AA /* Info.plist */ = {isa = PBXFileReference; lastKnownFileType = text.plist.xml; path = Info.plist; sourceTree = "<group>"; };
		6700EA62228B2282000EE5AA /* dateAndTimeDisplay05Tests.xctest */ = {isa = PBXFileReference; explicitFileType = wrapper.cfbundle; includeInIndex = 0; path = dateAndTimeDisplay05Tests.xctest; sourceTree = BUILT_PRODUCTS_DIR; };
		6700EA66228B2282000EE5AA /* dateAndTimeDisplay05Tests.swift */ = {isa = PBXFileReference; lastKnownFileType = sourcecode.swift; path = dateAndTimeDisplay05Tests.swift; sourceTree = "<group>"; };
		6700EA68228B2282000EE5AA /* Info.plist */ = {isa = PBXFileReference; lastKnownFileType = text.plist.xml; path = Info.plist; sourceTree = "<group>"; };
		6700EA6D228B2282000EE5AA /* dateAndTimeDisplay05UITests.xctest */ = {isa = PBXFileReference; explicitFileType = wrapper.cfbundle; includeInIndex = 0; path = dateAndTimeDisplay05UITests.xctest; sourceTree = BUILT_PRODUCTS_DIR; };
		6700EA71228B2282000EE5AA /* dateAndTimeDisplay05UITests.swift */ = {isa = PBXFileReference; lastKnownFileType = sourcecode.swift; path = dateAndTimeDisplay05UITests.swift; sourceTree = "<group>"; };
		6700EA73228B2282000EE5AA /* Info.plist */ = {isa = PBXFileReference; lastKnownFileType = text.plist.xml; path = Info.plist; sourceTree = "<group>"; };
/* End PBXFileReference section */

/* Begin PBXFrameworksBuildPhase section */
		6700EA4B228B2281000EE5AA /* Frameworks */ = {
			isa = PBXFrameworksBuildPhase;
			buildActionMask = 2147483647;
			files = (
			);
			runOnlyForDeploymentPostprocessing = 0;
		};
		6700EA5F228B2282000EE5AA /* Frameworks */ = {
			isa = PBXFrameworksBuildPhase;
			buildActionMask = 2147483647;
			files = (
			);
			runOnlyForDeploymentPostprocessing = 0;
		};
		6700EA6A228B2282000EE5AA /* Frameworks */ = {
			isa = PBXFrameworksBuildPhase;
			buildActionMask = 2147483647;
			files = (
			);
			runOnlyForDeploymentPostprocessing = 0;
		};
/* End PBXFrameworksBuildPhase section */

/* Begin PBXGroup section */
		6700EA45228B2281000EE5AA = {
			isa = PBXGroup;
			children = (
				6700EA50228B2281000EE5AA /* dateAndTimeDisplay05 */,
				6700EA65228B2282000EE5AA /* dateAndTimeDisplay05Tests */,
				6700EA70228B2282000EE5AA /* dateAndTimeDisplay05UITests */,
				6700EA4F228B2281000EE5AA /* Products */,
			);
			sourceTree = "<group>";
		};
		6700EA4F228B2281000EE5AA /* Products */ = {
			isa = PBXGroup;
			children = (
				6700EA4E228B2281000EE5AA /* dateAndTimeDisplay05.app */,
				6700EA62228B2282000EE5AA /* dateAndTimeDisplay05Tests.xctest */,
				6700EA6D228B2282000EE5AA /* dateAndTimeDisplay05UITests.xctest */,
			);
			name = Products;
			sourceTree = "<group>";
		};
		6700EA50228B2281000EE5AA /* dateAndTimeDisplay05 */ = {
			isa = PBXGroup;
			children = (
				6700EA51228B2281000EE5AA /* AppDelegate.swift */,
				6700EA53228B2281000EE5AA /* ViewController.swift */,
				6700EA55228B2281000EE5AA /* Main.storyboard */,
				6700EA58228B2282000EE5AA /* Assets.xcassets */,
				6700EA5A228B2282000EE5AA /* LaunchScreen.storyboard */,
				6700EA5D228B2282000EE5AA /* Info.plist */,
			);
			path = dateAndTimeDisplay05;
			sourceTree = "<group>";
		};
		6700EA65228B2282000EE5AA /* dateAndTimeDisplay05Tests */ = {
			isa = PBXGroup;
			children = (
				6700EA66228B2282000EE5AA /* dateAndTimeDisplay05Tests.swift */,
				6700EA68228B2282000EE5AA /* Info.plist */,
			);
			path = dateAndTimeDisplay05Tests;
			sourceTree = "<group>";
		};
		6700EA70228B2282000EE5AA /* dateAndTimeDisplay05UITests */ = {
			isa = PBXGroup;
			children = (
				6700EA71228B2282000EE5AA /* dateAndTimeDisplay05UITests.swift */,
				6700EA73228B2282000EE5AA /* Info.plist */,
			);
			path = dateAndTimeDisplay05UITests;
			sourceTree = "<group>";
		};
/* End PBXGroup section */

/* Begin PBXNativeTarget section */
		6700EA4D228B2281000EE5AA /* dateAndTimeDisplay05 */ = {
			isa = PBXNativeTarget;
			buildConfigurationList = 6700EA76228B2282000EE5AA /* Build configuration list for PBXNativeTarget "dateAndTimeDisplay05" */;
			buildPhases = (
				6700EA4A228B2281000EE5AA /* Sources */,
				6700EA4B228B2281000EE5AA /* Frameworks */,
				6700EA4C228B2281000EE5AA /* Resources */,
			);
			buildRules = (
			);
			dependencies = (
			);
			name = dateAndTimeDisplay05;
			productName = dateAndTimeDisplay05;
			productReference = 6700EA4E228B2281000EE5AA /* dateAndTimeDisplay05.app */;
			productType = "com.apple.product-type.application";
		};
		6700EA61228B2282000EE5AA /* dateAndTimeDisplay05Tests */ = {
			isa = PBXNativeTarget;
			buildConfigurationList = 6700EA79228B2282000EE5AA /* Build configuration list for PBXNativeTarget "dateAndTimeDisplay05Tests" */;
			buildPhases = (
				6700EA5E228B2282000EE5AA /* Sources */,
				6700EA5F228B2282000EE5AA /* Frameworks */,
				6700EA60228B2282000EE5AA /* Resources */,
			);
			buildRules = (
			);
			dependencies = (
				6700EA64228B2282000EE5AA /* PBXTargetDependency */,
			);
			name = dateAndTimeDisplay05Tests;
			productName = dateAndTimeDisplay05Tests;
			productReference = 6700EA62228B2282000EE5AA /* dateAndTimeDisplay05Tests.xctest */;
			productType = "com.apple.product-type.bundle.unit-test";
		};
		6700EA6C228B2282000EE5AA /* dateAndTimeDisplay05UITests */ = {
			isa = PBXNativeTarget;
			buildConfigurationList = 6700EA7C228B2282000EE5AA /* Build configuration list for PBXNativeTarget "dateAndTimeDisplay05UITests" */;
			buildPhases = (
				6700EA69228B2282000EE5AA /* Sources */,
				6700EA6A228B2282000EE5AA /* Frameworks */,
				6700EA6B228B2282000EE5AA /* Resources */,
			);
			buildRules = (
			);
			dependencies = (
				6700EA6F228B2282000EE5AA /* PBXTargetDependency */,
			);
			name = dateAndTimeDisplay05UITests;
			productName = dateAndTimeDisplay05UITests;
			productReference = 6700EA6D228B2282000EE5AA /* dateAndTimeDisplay05UITests.xctest */;
			productType = "com.apple.product-type.bundle.ui-testing";
		};
/* End PBXNativeTarget section */

/* Begin PBXProject section */
		6700EA46228B2281000EE5AA /* Project object */ = {
			isa = PBXProject;
			attributes = {
				LastSwiftUpdateCheck = 1020;
				LastUpgradeCheck = 1020;
				ORGANIZATIONNAME = "Sophia Lu";
				TargetAttributes = {
					6700EA4D228B2281000EE5AA = {
						CreatedOnToolsVersion = 10.2.1;
					};
					6700EA61228B2282000EE5AA = {
						CreatedOnToolsVersion = 10.2.1;
						TestTargetID = 6700EA4D228B2281000EE5AA;
					};
					6700EA6C228B2282000EE5AA = {
						CreatedOnToolsVersion = 10.2.1;
						TestTargetID = 6700EA4D228B2281000EE5AA;
					};
				};
			};
			buildConfigurationList = 6700EA49228B2281000EE5AA /* Build configuration list for PBXProject "dateAndTimeDisplay05" */;
			compatibilityVersion = "Xcode 9.3";
			developmentRegion = en;
			hasScannedForEncodings = 0;
			knownRegions = (
				en,
				Base,
			);
			mainGroup = 6700EA45228B2281000EE5AA;
			productRefGroup = 6700EA4F228B2281000EE5AA /* Products */;
			projectDirPath = "";
			projectRoot = "";
			targets = (
				6700EA4D228B2281000EE5AA /* dateAndTimeDisplay05 */,
				6700EA61228B2282000EE5AA /* dateAndTimeDisplay05Tests */,
				6700EA6C228B2282000EE5AA /* dateAndTimeDisplay05UITests */,
			);
		};
/* End PBXProject section */

/* Begin PBXResourcesBuildPhase section */
		6700EA4C228B2281000EE5AA /* Resources */ = {
			isa = PBXResourcesBuildPhase;
			buildActionMask = 2147483647;
			files = (
				6700EA5C228B2282000EE5AA /* LaunchScreen.storyboard in Resources */,
				6700EA59228B2282000EE5AA /* Assets.xcassets in Resources */,
				6700EA57228B2281000EE5AA /* Main.storyboard in Resources */,
			);
			runOnlyForDeploymentPostprocessing = 0;
		};
		6700EA60228B2282000EE5AA /* Resources */ = {
			isa = PBXResourcesBuildPhase;
			buildActionMask = 2147483647;
			files = (
			);
			runOnlyForDeploymentPostprocessing = 0;
		};
		6700EA6B228B2282000EE5AA /* Resources */ = {
			isa = PBXResourcesBuildPhase;
			buildActionMask = 2147483647;
			files = (
			);
			runOnlyForDeploymentPostprocessing = 0;
		};
/* End PBXResourcesBuildPhase section */

/* Begin PBXSourcesBuildPhase section */
		6700EA4A228B2281000EE5AA /* Sources */ = {
			isa = PBXSourcesBuildPhase;
			buildActionMask = 2147483647;
			files = (
				6700EA54228B2281000EE5AA /* ViewController.swift in Sources */,
				6700EA52228B2281000EE5AA /* AppDelegate.swift in Sources */,
			);
			runOnlyForDeploymentPostprocessing = 0;
		};
		6700EA5E228B2282000EE5AA /* Sources */ = {
			isa = PBXSourcesBuildPhase;
			buildActionMask = 2147483647;
			files = (
				6700EA67228B2282000EE5AA /* dateAndTimeDisplay05Tests.swift in Sources */,
			);
			runOnlyForDeploymentPostprocessing = 0;
		};
		6700EA69228B2282000EE5AA /* Sources */ = {
			isa = PBXSourcesBuildPhase;
			buildActionMask = 2147483647;
			files = (
				6700EA72228B2282000EE5AA /* dateAndTimeDisplay05UITests.swift in Sources */,
			);
			runOnlyForDeploymentPostprocessing = 0;
		};
/* End PBXSourcesBuildPhase section */

/* Begin PBXTargetDependency section */
		6700EA64228B2282000EE5AA /* PBXTargetDependency */ = {
			isa = PBXTargetDependency;
			target = 6700EA4D228B2281000EE5AA /* dateAndTimeDisplay05 */;
			targetProxy = 6700EA63228B2282000EE5AA /* PBXContainerItemProxy */;
		};
		6700EA6F228B2282000EE5AA /* PBXTargetDependency */ = {
			isa = PBXTargetDependency;
			target = 6700EA4D228B2281000EE5AA /* dateAndTimeDisplay05 */;
			targetProxy = 6700EA6E228B2282000EE5AA /* PBXContainerItemProxy */;
		};
/* End PBXTargetDependency section */

/* Begin PBXVariantGroup section */
		6700EA55228B2281000EE5AA /* Main.storyboard */ = {
			isa = PBXVariantGroup;
			children = (
				6700EA56228B2281000EE5AA /* Base */,
			);
			name = Main.storyboard;
			sourceTree = "<group>";
		};
		6700EA5A228B2282000EE5AA /* LaunchScreen.storyboard */ = {
			isa = PBXVariantGroup;
			children = (
				6700EA5B228B2282000EE5AA /* Base */,
			);
			name = LaunchScreen.storyboard;
			sourceTree = "<group>";
		};
/* End PBXVariantGroup section */

/* Begin XCBuildConfiguration section */
		6700EA74228B2282000EE5AA /* Debug */ = {
			isa = XCBuildConfiguration;
			buildSettings = {
				ALWAYS_SEARCH_USER_PATHS = NO;
				CLANG_ANALYZER_NONNULL = YES;
				CLANG_ANALYZER_NUMBER_OBJECT_CONVERSION = YES_AGGRESSIVE;
				CLANG_CXX_LANGUAGE_STANDARD = "gnu++14";
				CLANG_CXX_LIBRARY = "libc++";
				CLANG_ENABLE_MODULES = YES;
				CLANG_ENABLE_OBJC_ARC = YES;
				CLANG_ENABLE_OBJC_WEAK = YES;
				CLANG_WARN_BLOCK_CAPTURE_AUTORELEASING = YES;
				CLANG_WARN_BOOL_CONVERSION = YES;
				CLANG_WARN_COMMA = YES;
				CLANG_WARN_CONSTANT_CONVERSION = YES;
				CLANG_WARN_DEPRECATED_OBJC_IMPLEMENTATIONS = YES;
				CLANG_WARN_DIRECT_OBJC_ISA_USAGE = YES_ERROR;
				CLANG_WARN_DOCUMENTATION_COMMENTS = YES;
				CLANG_WARN_EMPTY_BODY = YES;
				CLANG_WARN_ENUM_CONVERSION = YES;
				CLANG_WARN_INFINITE_RECURSION = YES;
				CLANG_WARN_INT_CONVERSION = YES;
				CLANG_WARN_NON_LITERAL_NULL_CONVERSION = YES;
				CLANG_WARN_OBJC_IMPLICIT_RETAIN_SELF = YES;
				CLANG_WARN_OBJC_LITERAL_CONVERSION = YES;
				CLANG_WARN_OBJC_ROOT_CLASS = YES_ERROR;
				CLANG_WARN_RANGE_LOOP_ANALYSIS = YES;
				CLANG_WARN_STRICT_PROTOTYPES = YES;
				CLANG_WARN_SUSPICIOUS_MOVE = YES;
				CLANG_WARN_UNGUARDED_AVAILABILITY = YES_AGGRESSIVE;
				CLANG_WARN_UNREACHABLE_CODE = YES;
				CLANG_WARN__DUPLICATE_METHOD_MATCH = YES;
				CODE_SIGN_IDENTITY = "iPhone Developer";
				COPY_PHASE_STRIP = NO;
				DEBUG_INFORMATION_FORMAT = dwarf;
				ENABLE_STRICT_OBJC_MSGSEND = YES;
				ENABLE_TESTABILITY = YES;
				GCC_C_LANGUAGE_STANDARD = gnu11;
				GCC_DYNAMIC_NO_PIC = NO;
				GCC_NO_COMMON_BLOCKS = YES;
				GCC_OPTIMIZATION_LEVEL = 0;
				GCC_PREPROCESSOR_DEFINITIONS = (
					"DEBUG=1",
					"$(inherited)",
				);
				GCC_WARN_64_TO_32_BIT_CONVERSION = YES;
				GCC_WARN_ABOUT_RETURN_TYPE = YES_ERROR;
				GCC_WARN_UNDECLARED_SELECTOR = YES;
				GCC_WARN_UNINITIALIZED_AUTOS = YES_AGGRESSIVE;
				GCC_WARN_UNUSED_FUNCTION = YES;
				GCC_WARN_UNUSED_VARIABLE = YES;
				IPHONEOS_DEPLOYMENT_TARGET = 12.2;
				MTL_ENABLE_DEBUG_INFO = INCLUDE_SOURCE;
				MTL_FAST_MATH = YES;
				ONLY_ACTIVE_ARCH = YES;
				SDKROOT = iphoneos;
				SWIFT_ACTIVE_COMPILATION_CONDITIONS = DEBUG;
				SWIFT_OPTIMIZATION_LEVEL = "-Onone";
			};
			name = Debug;
		};
		6700EA75228B2282000EE5AA /* Release */ = {
			isa = XCBuildConfiguration;
			buildSettings = {
				ALWAYS_SEARCH_USER_PATHS = NO;
				CLANG_ANALYZER_NONNULL = YES;
				CLANG_ANALYZER_NUMBER_OBJECT_CONVERSION = YES_AGGRESSIVE;
				CLANG_CXX_LANGUAGE_STANDARD = "gnu++14";
				CLANG_CXX_LIBRARY = "libc++";
				CLANG_ENABLE_MODULES = YES;
				CLANG_ENABLE_OBJC_ARC = YES;
				CLANG_ENABLE_OBJC_WEAK = YES;
				CLANG_WARN_BLOCK_CAPTURE_AUTORELEASING = YES;
				CLANG_WARN_BOOL_CONVERSION = YES;
				CLANG_WARN_COMMA = YES;
				CLANG_WARN_CONSTANT_CONVERSION = YES;
				CLANG_WARN_DEPRECATED_OBJC_IMPLEMENTATIONS = YES;
				CLANG_WARN_DIRECT_OBJC_ISA_USAGE = YES_ERROR;
				CLANG_WARN_DOCUMENTATION_COMMENTS = YES;
				CLANG_WARN_EMPTY_BODY = YES;
				CLANG_WARN_ENUM_CONVERSION = YES;
				CLANG_WARN_INFINITE_RECURSION = YES;
				CLANG_WARN_INT_CONVERSION = YES;
				CLANG_WARN_NON_LITERAL_NULL_CONVERSION = YES;
				CLANG_WARN_OBJC_IMPLICIT_RETAIN_SELF = YES;
				CLANG_WARN_OBJC_LITERAL_CONVERSION = YES;
				CLANG_WARN_OBJC_ROOT_CLASS = YES_ERROR;
				CLANG_WARN_RANGE_LOOP_ANALYSIS = YES;
				CLANG_WARN_STRICT_PROTOTYPES = YES;
				CLANG_WARN_SUSPICIOUS_MOVE = YES;
				CLANG_WARN_UNGUARDED_AVAILABILITY = YES_AGGRESSIVE;
				CLANG_WARN_UNREACHABLE_CODE = YES;
				CLANG_WARN__DUPLICATE_METHOD_MATCH = YES;
				CODE_SIGN_IDENTITY = "iPhone Developer";
				COPY_PHASE_STRIP = NO;
				DEBUG_INFORMATION_FORMAT = "dwarf-with-dsym";
				ENABLE_NS_ASSERTIONS = NO;
				ENABLE_STRICT_OBJC_MSGSEND = YES;
				GCC_C_LANGUAGE_STANDARD = gnu11;
				GCC_NO_COMMON_BLOCKS = YES;
				GCC_WARN_64_TO_32_BIT_CONVERSION = YES;
				GCC_WARN_ABOUT_RETURN_TYPE = YES_ERROR;
				GCC_WARN_UNDECLARED_SELECTOR = YES;
				GCC_WARN_UNINITIALIZED_AUTOS = YES_AGGRESSIVE;
				GCC_WARN_UNUSED_FUNCTION = YES;
				GCC_WARN_UNUSED_VARIABLE = YES;
				IPHONEOS_DEPLOYMENT_TARGET = 12.2;
				MTL_ENABLE_DEBUG_INFO = NO;
				MTL_FAST_MATH = YES;
				SDKROOT = iphoneos;
				SWIFT_COMPILATION_MODE = wholemodule;
				SWIFT_OPTIMIZATION_LEVEL = "-O";
				VALIDATE_PRODUCT = YES;
			};
			name = Release;
		};
		6700EA77228B2282000EE5AA /* Debug */ = {
			isa = XCBuildConfiguration;
			buildSettings = {
				ASSETCATALOG_COMPILER_APPICON_NAME = AppIcon;
				CODE_SIGN_STYLE = Automatic;
				DEVELOPMENT_TEAM = T2A2NXUESB;
				INFOPLIST_FILE = dateAndTimeDisplay05/Info.plist;
				LD_RUNPATH_SEARCH_PATHS = (
					"$(inherited)",
					"@executable_path/Frameworks",
				);
				PRODUCT_BUNDLE_IDENTIFIER = com.sophiaxinlu.dateAndTimeDisplay05;
				PRODUCT_NAME = "$(TARGET_NAME)";
				SWIFT_VERSION = 5.0;
				TARGETED_DEVICE_FAMILY = "1,2";
			};
			name = Debug;
		};
		6700EA78228B2282000EE5AA /* Release */ = {
			isa = XCBuildConfiguration;
			buildSettings = {
				ASSETCATALOG_COMPILER_APPICON_NAME = AppIcon;
				CODE_SIGN_STYLE = Automatic;
				DEVELOPMENT_TEAM = T2A2NXUESB;
				INFOPLIST_FILE = dateAndTimeDisplay05/Info.plist;
				LD_RUNPATH_SEARCH_PATHS = (
					"$(inherited)",
					"@executable_path/Frameworks",
				);
				PRODUCT_BUNDLE_IDENTIFIER = com.sophiaxinlu.dateAndTimeDisplay05;
				PRODUCT_NAME = "$(TARGET_NAME)";
				SWIFT_VERSION = 5.0;
				TARGETED_DEVICE_FAMILY = "1,2";
			};
			name = Release;
		};
		6700EA7A228B2282000EE5AA /* Debug */ = {
			isa = XCBuildConfiguration;
			buildSettings = {
				ALWAYS_EMBED_SWIFT_STANDARD_LIBRARIES = YES;
				BUNDLE_LOADER = "$(TEST_HOST)";
				CODE_SIGN_STYLE = Automatic;
				DEVELOPMENT_TEAM = T2A2NXUESB;
				INFOPLIST_FILE = dateAndTimeDisplay05Tests/Info.plist;
				LD_RUNPATH_SEARCH_PATHS = (
					"$(inherited)",
					"@executable_path/Frameworks",
					"@loader_path/Frameworks",
				);
				PRODUCT_BUNDLE_IDENTIFIER = com.sophiaxinlu.dateAndTimeDisplay05Tests;
				PRODUCT_NAME = "$(TARGET_NAME)";
				SWIFT_VERSION = 5.0;
				TARGETED_DEVICE_FAMILY = "1,2";
				TEST_HOST = "$(BUILT_PRODUCTS_DIR)/dateAndTimeDisplay05.app/dateAndTimeDisplay05";
			};
			name = Debug;
		};
		6700EA7B228B2282000EE5AA /* Release */ = {
			isa = XCBuildConfiguration;
			buildSettings = {
				ALWAYS_EMBED_SWIFT_STANDARD_LIBRARIES = YES;
				BUNDLE_LOADER = "$(TEST_HOST)";
				CODE_SIGN_STYLE = Automatic;
				DEVELOPMENT_TEAM = T2A2NXUESB;
				INFOPLIST_FILE = dateAndTimeDisplay05Tests/Info.plist;
				LD_RUNPATH_SEARCH_PATHS = (
					"$(inherited)",
					"@executable_path/Frameworks",
					"@loader_path/Frameworks",
				);
				PRODUCT_BUNDLE_IDENTIFIER = com.sophiaxinlu.dateAndTimeDisplay05Tests;
				PRODUCT_NAME = "$(TARGET_NAME)";
				SWIFT_VERSION = 5.0;
				TARGETED_DEVICE_FAMILY = "1,2";
				TEST_HOST = "$(BUILT_PRODUCTS_DIR)/dateAndTimeDisplay05.app/dateAndTimeDisplay05";
			};
			name = Release;
		};
		6700EA7D228B2282000EE5AA /* Debug */ = {
			isa = XCBuildConfiguration;
			buildSettings = {
				ALWAYS_EMBED_SWIFT_STANDARD_LIBRARIES = YES;
				CODE_SIGN_STYLE = Automatic;
				DEVELOPMENT_TEAM = T2A2NXUESB;
				INFOPLIST_FILE = dateAndTimeDisplay05UITests/Info.plist;
				LD_RUNPATH_SEARCH_PATHS = (
					"$(inherited)",
					"@executable_path/Frameworks",
					"@loader_path/Frameworks",
				);
				PRODUCT_BUNDLE_IDENTIFIER = com.sophiaxinlu.dateAndTimeDisplay05UITests;
				PRODUCT_NAME = "$(TARGET_NAME)";
				SWIFT_VERSION = 5.0;
				TARGETED_DEVICE_FAMILY = "1,2";
				TEST_TARGET_NAME = dateAndTimeDisplay05;
			};
			name = Debug;
		};
		6700EA7E228B2282000EE5AA /* Release */ = {
			isa = XCBuildConfiguration;
			buildSettings = {
				ALWAYS_EMBED_SWIFT_STANDARD_LIBRARIES = YES;
				CODE_SIGN_STYLE = Automatic;
				DEVELOPMENT_TEAM = T2A2NXUESB;
				INFOPLIST_FILE = dateAndTimeDisplay05UITests/Info.plist;
				LD_RUNPATH_SEARCH_PATHS = (
					"$(inherited)",
					"@executable_path/Frameworks",
					"@loader_path/Frameworks",
				);
				PRODUCT_BUNDLE_IDENTIFIER = com.sophiaxinlu.dateAndTimeDisplay05UITests;
				PRODUCT_NAME = "$(TARGET_NAME)";
				SWIFT_VERSION = 5.0;
				TARGETED_DEVICE_FAMILY = "1,2";
				TEST_TARGET_NAME = dateAndTimeDisplay05;
			};
			name = Release;
		};
/* End XCBuildConfiguration section */

/* Begin XCConfigurationList section */
		6700EA49228B2281000EE5AA /* Build configuration list for PBXProject "dateAndTimeDisplay05" */ = {
			isa = XCConfigurationList;
			buildConfigurations = (
				6700EA74228B2282000EE5AA /* Debug */,
				6700EA75228B2282000EE5AA /* Release */,
			);
			defaultConfigurationIsVisible = 0;
			defaultConfigurationName = Release;
		};
		6700EA76228B2282000EE5AA /* Build configuration list for PBXNativeTarget "dateAndTimeDisplay05" */ = {
			isa = XCConfigurationList;
			buildConfigurations = (
				6700EA77228B2282000EE5AA /* Debug */,
				6700EA78228B2282000EE5AA /* Release */,
			);
			defaultConfigurationIsVisible = 0;
			defaultConfigurationName = Release;
		};
		6700EA79228B2282000EE5AA /* Build configuration list for PBXNativeTarget "dateAndTimeDisplay05Tests" */ = {
			isa = XCConfigurationList;
			buildConfigurations = (
				6700EA7A228B2282000EE5AA /* Debug */,
				6700EA7B228B2282000EE5AA /* Release */,
			);
			defaultConfigurationIsVisible = 0;
			defaultConfigurationName = Release;
		};
		6700EA7C228B2282000EE5AA /* Build configuration list for PBXNativeTarget "dateAndTimeDisplay05UITests" */ = {
			isa = XCConfigurationList;
			buildConfigurations = (
				6700EA7D228B2282000EE5AA /* Debug */,
				6700EA7E228B2282000EE5AA /* Release */,
			);
			defaultConfigurationIsVisible = 0;
			defaultConfigurationName = Release;
		};
/* End XCConfigurationList section */
	};
	rootObject = 6700EA46228B2281000EE5AA /* Project object */;
}
