// !$*UTF8*$!
{
	archiveVersion = 1;
	classes = {
	};
	objectVersion = 50;
	objects = {

/* Begin PBXBuildFile section */
		672D69E6229251CB00C1181E /* AppDelegate.swift in Sources */ = {isa = PBXBuildFile; fileRef = 672D69E5229251CB00C1181E /* AppDelegate.swift */; };
		672D69E8229251CB00C1181E /* ViewController.swift in Sources */ = {isa = PBXBuildFile; fileRef = 672D69E7229251CB00C1181E /* ViewController.swift */; };
		672D69EB229251CB00C1181E /* Main.storyboard in Resources */ = {isa = PBXBuildFile; fileRef = 672D69E9229251CB00C1181E /* Main.storyboard */; };
		672D69ED229251CC00C1181E /* Assets.xcassets in Resources */ = {isa = PBXBuildFile; fileRef = 672D69EC229251CC00C1181E /* Assets.xcassets */; };
		672D69F0229251CC00C1181E /* LaunchScreen.storyboard in Resources */ = {isa = PBXBuildFile; fileRef = 672D69EE229251CC00C1181E /* LaunchScreen.storyboard */; };
		672D69FB229251CD00C1181E /* PullToRefresh08Tests.swift in Sources */ = {isa = PBXBuildFile; fileRef = 672D69FA229251CD00C1181E /* PullToRefresh08Tests.swift */; };
		672D6A06229251CD00C1181E /* PullToRefresh08UITests.swift in Sources */ = {isa = PBXBuildFile; fileRef = 672D6A05229251CD00C1181E /* PullToRefresh08UITests.swift */; };
/* End PBXBuildFile section */

/* Begin PBXContainerItemProxy section */
		672D69F7229251CC00C1181E /* PBXContainerItemProxy */ = {
			isa = PBXContainerItemProxy;
			containerPortal = 672D69DA229251CB00C1181E /* Project object */;
			proxyType = 1;
			remoteGlobalIDString = 672D69E1229251CB00C1181E;
			remoteInfo = PullToRefresh08;
		};
		672D6A02229251CD00C1181E /* PBXContainerItemProxy */ = {
			isa = PBXContainerItemProxy;
			containerPortal = 672D69DA229251CB00C1181E /* Project object */;
			proxyType = 1;
			remoteGlobalIDString = 672D69E1229251CB00C1181E;
			remoteInfo = PullToRefresh08;
		};
/* End PBXContainerItemProxy section */

/* Begin PBXFileReference section */
		672D69E2229251CB00C1181E /* PullToRefresh08.app */ = {isa = PBXFileReference; explicitFileType = wrapper.application; includeInIndex = 0; path = PullToRefresh08.app; sourceTree = BUILT_PRODUCTS_DIR; };
		672D69E5229251CB00C1181E /* AppDelegate.swift */ = {isa = PBXFileReference; lastKnownFileType = sourcecode.swift; path = AppDelegate.swift; sourceTree = "<group>"; };
		672D69E7229251CB00C1181E /* ViewController.swift */ = {isa = PBXFileReference; lastKnownFileType = sourcecode.swift; path = ViewController.swift; sourceTree = "<group>"; };
		672D69EA229251CB00C1181E /* Base */ = {isa = PBXFileReference; lastKnownFileType = file.storyboard; name = Base; path = Base.lproj/Main.storyboard; sourceTree = "<group>"; };
		672D69EC229251CC00C1181E /* Assets.xcassets */ = {isa = PBXFileReference; lastKnownFileType = folder.assetcatalog; path = Assets.xcassets; sourceTree = "<group>"; };
		672D69EF229251CC00C1181E /* Base */ = {isa = PBXFileReference; lastKnownFileType = file.storyboard; name = Base; path = Base.lproj/LaunchScreen.storyboard; sourceTree = "<group>"; };
		672D69F1229251CC00C1181E /* Info.plist */ = {isa = PBXFileReference; lastKnownFileType = text.plist.xml; path = Info.plist; sourceTree = "<group>"; };
		672D69F6229251CC00C1181E /* PullToRefresh08Tests.xctest */ = {isa = PBXFileReference; explicitFileType = wrapper.cfbundle; includeInIndex = 0; path = PullToRefresh08Tests.xctest; sourceTree = BUILT_PRODUCTS_DIR; };
		672D69FA229251CD00C1181E /* PullToRefresh08Tests.swift */ = {isa = PBXFileReference; lastKnownFileType = sourcecode.swift; path = PullToRefresh08Tests.swift; sourceTree = "<group>"; };
		672D69FC229251CD00C1181E /* Info.plist */ = {isa = PBXFileReference; lastKnownFileType = text.plist.xml; path = Info.plist; sourceTree = "<group>"; };
		672D6A01229251CD00C1181E /* PullToRefresh08UITests.xctest */ = {isa = PBXFileReference; explicitFileType = wrapper.cfbundle; includeInIndex = 0; path = PullToRefresh08UITests.xctest; sourceTree = BUILT_PRODUCTS_DIR; };
		672D6A05229251CD00C1181E /* PullToRefresh08UITests.swift */ = {isa = PBXFileReference; lastKnownFileType = sourcecode.swift; path = PullToRefresh08UITests.swift; sourceTree = "<group>"; };
		672D6A07229251CD00C1181E /* Info.plist */ = {isa = PBXFileReference; lastKnownFileType = text.plist.xml; path = Info.plist; sourceTree = "<group>"; };
/* End PBXFileReference section */

/* Begin PBXFrameworksBuildPhase section */
		672D69DF229251CB00C1181E /* Frameworks */ = {
			isa = PBXFrameworksBuildPhase;
			buildActionMask = 2147483647;
			files = (
			);
			runOnlyForDeploymentPostprocessing = 0;
		};
		672D69F3229251CC00C1181E /* Frameworks */ = {
			isa = PBXFrameworksBuildPhase;
			buildActionMask = 2147483647;
			files = (
			);
			runOnlyForDeploymentPostprocessing = 0;
		};
		672D69FE229251CD00C1181E /* Frameworks */ = {
			isa = PBXFrameworksBuildPhase;
			buildActionMask = 2147483647;
			files = (
			);
			runOnlyForDeploymentPostprocessing = 0;
		};
/* End PBXFrameworksBuildPhase section */

/* Begin PBXGroup section */
		672D69D9229251CB00C1181E = {
			isa = PBXGroup;
			children = (
				672D69E4229251CB00C1181E /* PullToRefresh08 */,
				672D69F9229251CD00C1181E /* PullToRefresh08Tests */,
				672D6A04229251CD00C1181E /* PullToRefresh08UITests */,
				672D69E3229251CB00C1181E /* Products */,
			);
			sourceTree = "<group>";
		};
		672D69E3229251CB00C1181E /* Products */ = {
			isa = PBXGroup;
			children = (
				672D69E2229251CB00C1181E /* PullToRefresh08.app */,
				672D69F6229251CC00C1181E /* PullToRefresh08Tests.xctest */,
				672D6A01229251CD00C1181E /* PullToRefresh08UITests.xctest */,
			);
			name = Products;
			sourceTree = "<group>";
		};
		672D69E4229251CB00C1181E /* PullToRefresh08 */ = {
			isa = PBXGroup;
			children = (
				672D69E5229251CB00C1181E /* AppDelegate.swift */,
				672D69E7229251CB00C1181E /* ViewController.swift */,
				672D69E9229251CB00C1181E /* Main.storyboard */,
				672D69EC229251CC00C1181E /* Assets.xcassets */,
				672D69EE229251CC00C1181E /* LaunchScreen.storyboard */,
				672D69F1229251CC00C1181E /* Info.plist */,
			);
			path = PullToRefresh08;
			sourceTree = "<group>";
		};
		672D69F9229251CD00C1181E /* PullToRefresh08Tests */ = {
			isa = PBXGroup;
			children = (
				672D69FA229251CD00C1181E /* PullToRefresh08Tests.swift */,
				672D69FC229251CD00C1181E /* Info.plist */,
			);
			path = PullToRefresh08Tests;
			sourceTree = "<group>";
		};
		672D6A04229251CD00C1181E /* PullToRefresh08UITests */ = {
			isa = PBXGroup;
			children = (
				672D6A05229251CD00C1181E /* PullToRefresh08UITests.swift */,
				672D6A07229251CD00C1181E /* Info.plist */,
			);
			path = PullToRefresh08UITests;
			sourceTree = "<group>";
		};
/* End PBXGroup section */

/* Begin PBXNativeTarget section */
		672D69E1229251CB00C1181E /* PullToRefresh08 */ = {
			isa = PBXNativeTarget;
			buildConfigurationList = 672D6A0A229251CD00C1181E /* Build configuration list for PBXNativeTarget "PullToRefresh08" */;
			buildPhases = (
				672D69DE229251CB00C1181E /* Sources */,
				672D69DF229251CB00C1181E /* Frameworks */,
				672D69E0229251CB00C1181E /* Resources */,
			);
			buildRules = (
			);
			dependencies = (
			);
			name = PullToRefresh08;
			productName = PullToRefresh08;
			productReference = 672D69E2229251CB00C1181E /* PullToRefresh08.app */;
			productType = "com.apple.product-type.application";
		};
		672D69F5229251CC00C1181E /* PullToRefresh08Tests */ = {
			isa = PBXNativeTarget;
			buildConfigurationList = 672D6A0D229251CD00C1181E /* Build configuration list for PBXNativeTarget "PullToRefresh08Tests" */;
			buildPhases = (
				672D69F2229251CC00C1181E /* Sources */,
				672D69F3229251CC00C1181E /* Frameworks */,
				672D69F4229251CC00C1181E /* Resources */,
			);
			buildRules = (
			);
			dependencies = (
				672D69F8229251CC00C1181E /* PBXTargetDependency */,
			);
			name = PullToRefresh08Tests;
			productName = PullToRefresh08Tests;
			productReference = 672D69F6229251CC00C1181E /* PullToRefresh08Tests.xctest */;
			productType = "com.apple.product-type.bundle.unit-test";
		};
		672D6A00229251CD00C1181E /* PullToRefresh08UITests */ = {
			isa = PBXNativeTarget;
			buildConfigurationList = 672D6A10229251CD00C1181E /* Build configuration list for PBXNativeTarget "PullToRefresh08UITests" */;
			buildPhases = (
				672D69FD229251CD00C1181E /* Sources */,
				672D69FE229251CD00C1181E /* Frameworks */,
				672D69FF229251CD00C1181E /* Resources */,
			);
			buildRules = (
			);
			dependencies = (
				672D6A03229251CD00C1181E /* PBXTargetDependency */,
			);
			name = PullToRefresh08UITests;
			productName = PullToRefresh08UITests;
			productReference = 672D6A01229251CD00C1181E /* PullToRefresh08UITests.xctest */;
			productType = "com.apple.product-type.bundle.ui-testing";
		};
/* End PBXNativeTarget section */

/* Begin PBXProject section */
		672D69DA229251CB00C1181E /* Project object */ = {
			isa = PBXProject;
			attributes = {
				LastSwiftUpdateCheck = 1020;
				LastUpgradeCheck = 1020;
				ORGANIZATIONNAME = "Sophia Lu";
				TargetAttributes = {
					672D69E1229251CB00C1181E = {
						CreatedOnToolsVersion = 10.2.1;
					};
					672D69F5229251CC00C1181E = {
						CreatedOnToolsVersion = 10.2.1;
						TestTargetID = 672D69E1229251CB00C1181E;
					};
					672D6A00229251CD00C1181E = {
						CreatedOnToolsVersion = 10.2.1;
						TestTargetID = 672D69E1229251CB00C1181E;
					};
				};
			};
			buildConfigurationList = 672D69DD229251CB00C1181E /* Build configuration list for PBXProject "PullToRefresh08" */;
			compatibilityVersion = "Xcode 9.3";
			developmentRegion = en;
			hasScannedForEncodings = 0;
			knownRegions = (
				en,
				Base,
			);
			mainGroup = 672D69D9229251CB00C1181E;
			productRefGroup = 672D69E3229251CB00C1181E /* Products */;
			projectDirPath = "";
			projectRoot = "";
			targets = (
				672D69E1229251CB00C1181E /* PullToRefresh08 */,
				672D69F5229251CC00C1181E /* PullToRefresh08Tests */,
				672D6A00229251CD00C1181E /* PullToRefresh08UITests */,
			);
		};
/* End PBXProject section */

/* Begin PBXResourcesBuildPhase section */
		672D69E0229251CB00C1181E /* Resources */ = {
			isa = PBXResourcesBuildPhase;
			buildActionMask = 2147483647;
			files = (
				672D69F0229251CC00C1181E /* LaunchScreen.storyboard in Resources */,
				672D69ED229251CC00C1181E /* Assets.xcassets in Resources */,
				672D69EB229251CB00C1181E /* Main.storyboard in Resources */,
			);
			runOnlyForDeploymentPostprocessing = 0;
		};
		672D69F4229251CC00C1181E /* Resources */ = {
			isa = PBXResourcesBuildPhase;
			buildActionMask = 2147483647;
			files = (
			);
			runOnlyForDeploymentPostprocessing = 0;
		};
		672D69FF229251CD00C1181E /* Resources */ = {
			isa = PBXResourcesBuildPhase;
			buildActionMask = 2147483647;
			files = (
			);
			runOnlyForDeploymentPostprocessing = 0;
		};
/* End PBXResourcesBuildPhase section */

/* Begin PBXSourcesBuildPhase section */
		672D69DE229251CB00C1181E /* Sources */ = {
			isa = PBXSourcesBuildPhase;
			buildActionMask = 2147483647;
			files = (
				672D69E8229251CB00C1181E /* ViewController.swift in Sources */,
				672D69E6229251CB00C1181E /* AppDelegate.swift in Sources */,
			);
			runOnlyForDeploymentPostprocessing = 0;
		};
		672D69F2229251CC00C1181E /* Sources */ = {
			isa = PBXSourcesBuildPhase;
			buildActionMask = 2147483647;
			files = (
				672D69FB229251CD00C1181E /* PullToRefresh08Tests.swift in Sources */,
			);
			runOnlyForDeploymentPostprocessing = 0;
		};
		672D69FD229251CD00C1181E /* Sources */ = {
			isa = PBXSourcesBuildPhase;
			buildActionMask = 2147483647;
			files = (
				672D6A06229251CD00C1181E /* PullToRefresh08UITests.swift in Sources */,
			);
			runOnlyForDeploymentPostprocessing = 0;
		};
/* End PBXSourcesBuildPhase section */

/* Begin PBXTargetDependency section */
		672D69F8229251CC00C1181E /* PBXTargetDependency */ = {
			isa = PBXTargetDependency;
			target = 672D69E1229251CB00C1181E /* PullToRefresh08 */;
			targetProxy = 672D69F7229251CC00C1181E /* PBXContainerItemProxy */;
		};
		672D6A03229251CD00C1181E /* PBXTargetDependency */ = {
			isa = PBXTargetDependency;
			target = 672D69E1229251CB00C1181E /* PullToRefresh08 */;
			targetProxy = 672D6A02229251CD00C1181E /* PBXContainerItemProxy */;
		};
/* End PBXTargetDependency section */

/* Begin PBXVariantGroup section */
		672D69E9229251CB00C1181E /* Main.storyboard */ = {
			isa = PBXVariantGroup;
			children = (
				672D69EA229251CB00C1181E /* Base */,
			);
			name = Main.storyboard;
			sourceTree = "<group>";
		};
		672D69EE229251CC00C1181E /* LaunchScreen.storyboard */ = {
			isa = PBXVariantGroup;
			children = (
				672D69EF229251CC00C1181E /* Base */,
			);
			name = LaunchScreen.storyboard;
			sourceTree = "<group>";
		};
/* End PBXVariantGroup section */

/* Begin XCBuildConfiguration section */
		672D6A08229251CD00C1181E /* Debug */ = {
			isa = XCBuildConfiguration;
			buildSettings = {
				ALWAYS_SEARCH_USER_PATHS = NO;
				CLANG_ANALYZER_NONNULL = YES;
				CLANG_ANALYZER_NUMBER_OBJECT_CONVERSION = YES_AGGRESSIVE;
				CLANG_CXX_LANGUAGE_STANDARD = "gnu++14";
				CLANG_CXX_LIBRARY = "libc++";
				CLANG_ENABLE_MODULES = YES;
				CLANG_ENABLE_OBJC_ARC = YES;
				CLANG_ENABLE_OBJC_WEAK = YES;
				CLANG_WARN_BLOCK_CAPTURE_AUTORELEASING = YES;
				CLANG_WARN_BOOL_CONVERSION = YES;
				CLANG_WARN_COMMA = YES;
				CLANG_WARN_CONSTANT_CONVERSION = YES;
				CLANG_WARN_DEPRECATED_OBJC_IMPLEMENTATIONS = YES;
				CLANG_WARN_DIRECT_OBJC_ISA_USAGE = YES_ERROR;
				CLANG_WARN_DOCUMENTATION_COMMENTS = YES;
				CLANG_WARN_EMPTY_BODY = YES;
				CLANG_WARN_ENUM_CONVERSION = YES;
				CLANG_WARN_INFINITE_RECURSION = YES;
				CLANG_WARN_INT_CONVERSION = YES;
				CLANG_WARN_NON_LITERAL_NULL_CONVERSION = YES;
				CLANG_WARN_OBJC_IMPLICIT_RETAIN_SELF = YES;
				CLANG_WARN_OBJC_LITERAL_CONVERSION = YES;
				CLANG_WARN_OBJC_ROOT_CLASS = YES_ERROR;
				CLANG_WARN_RANGE_LOOP_ANALYSIS = YES;
				CLANG_WARN_STRICT_PROTOTYPES = YES;
				CLANG_WARN_SUSPICIOUS_MOVE = YES;
				CLANG_WARN_UNGUARDED_AVAILABILITY = YES_AGGRESSIVE;
				CLANG_WARN_UNREACHABLE_CODE = YES;
				CLANG_WARN__DUPLICATE_METHOD_MATCH = YES;
				CODE_SIGN_IDENTITY = "iPhone Developer";
				COPY_PHASE_STRIP = NO;
				DEBUG_INFORMATION_FORMAT = dwarf;
				ENABLE_STRICT_OBJC_MSGSEND = YES;
				ENABLE_TESTABILITY = YES;
				GCC_C_LANGUAGE_STANDARD = gnu11;
				GCC_DYNAMIC_NO_PIC = NO;
				GCC_NO_COMMON_BLOCKS = YES;
				GCC_OPTIMIZATION_LEVEL = 0;
				GCC_PREPROCESSOR_DEFINITIONS = (
					"DEBUG=1",
					"$(inherited)",
				);
				GCC_WARN_64_TO_32_BIT_CONVERSION = YES;
				GCC_WARN_ABOUT_RETURN_TYPE = YES_ERROR;
				GCC_WARN_UNDECLARED_SELECTOR = YES;
				GCC_WARN_UNINITIALIZED_AUTOS = YES_AGGRESSIVE;
				GCC_WARN_UNUSED_FUNCTION = YES;
				GCC_WARN_UNUSED_VARIABLE = YES;
				IPHONEOS_DEPLOYMENT_TARGET = 12.2;
				MTL_ENABLE_DEBUG_INFO = INCLUDE_SOURCE;
				MTL_FAST_MATH = YES;
				ONLY_ACTIVE_ARCH = YES;
				SDKROOT = iphoneos;
				SWIFT_ACTIVE_COMPILATION_CONDITIONS = DEBUG;
				SWIFT_OPTIMIZATION_LEVEL = "-Onone";
			};
			name = Debug;
		};
		672D6A09229251CD00C1181E /* Release */ = {
			isa = XCBuildConfiguration;
			buildSettings = {
				ALWAYS_SEARCH_USER_PATHS = NO;
				CLANG_ANALYZER_NONNULL = YES;
				CLANG_ANALYZER_NUMBER_OBJECT_CONVERSION = YES_AGGRESSIVE;
				CLANG_CXX_LANGUAGE_STANDARD = "gnu++14";
				CLANG_CXX_LIBRARY = "libc++";
				CLANG_ENABLE_MODULES = YES;
				CLANG_ENABLE_OBJC_ARC = YES;
				CLANG_ENABLE_OBJC_WEAK = YES;
				CLANG_WARN_BLOCK_CAPTURE_AUTORELEASING = YES;
				CLANG_WARN_BOOL_CONVERSION = YES;
				CLANG_WARN_COMMA = YES;
				CLANG_WARN_CONSTANT_CONVERSION = YES;
				CLANG_WARN_DEPRECATED_OBJC_IMPLEMENTATIONS = YES;
				CLANG_WARN_DIRECT_OBJC_ISA_USAGE = YES_ERROR;
				CLANG_WARN_DOCUMENTATION_COMMENTS = YES;
				CLANG_WARN_EMPTY_BODY = YES;
				CLANG_WARN_ENUM_CONVERSION = YES;
				CLANG_WARN_INFINITE_RECURSION = YES;
				CLANG_WARN_INT_CONVERSION = YES;
				CLANG_WARN_NON_LITERAL_NULL_CONVERSION = YES;
				CLANG_WARN_OBJC_IMPLICIT_RETAIN_SELF = YES;
				CLANG_WARN_OBJC_LITERAL_CONVERSION = YES;
				CLANG_WARN_OBJC_ROOT_CLASS = YES_ERROR;
				CLANG_WARN_RANGE_LOOP_ANALYSIS = YES;
				CLANG_WARN_STRICT_PROTOTYPES = YES;
				CLANG_WARN_SUSPICIOUS_MOVE = YES;
				CLANG_WARN_UNGUARDED_AVAILABILITY = YES_AGGRESSIVE;
				CLANG_WARN_UNREACHABLE_CODE = YES;
				CLANG_WARN__DUPLICATE_METHOD_MATCH = YES;
				CODE_SIGN_IDENTITY = "iPhone Developer";
				COPY_PHASE_STRIP = NO;
				DEBUG_INFORMATION_FORMAT = "dwarf-with-dsym";
				ENABLE_NS_ASSERTIONS = NO;
				ENABLE_STRICT_OBJC_MSGSEND = YES;
				GCC_C_LANGUAGE_STANDARD = gnu11;
				GCC_NO_COMMON_BLOCKS = YES;
				GCC_WARN_64_TO_32_BIT_CONVERSION = YES;
				GCC_WARN_ABOUT_RETURN_TYPE = YES_ERROR;
				GCC_WARN_UNDECLARED_SELECTOR = YES;
				GCC_WARN_UNINITIALIZED_AUTOS = YES_AGGRESSIVE;
				GCC_WARN_UNUSED_FUNCTION = YES;
				GCC_WARN_UNUSED_VARIABLE = YES;
				IPHONEOS_DEPLOYMENT_TARGET = 12.2;
				MTL_ENABLE_DEBUG_INFO = NO;
				MTL_FAST_MATH = YES;
				SDKROOT = iphoneos;
				SWIFT_COMPILATION_MODE = wholemodule;
				SWIFT_OPTIMIZATION_LEVEL = "-O";
				VALIDATE_PRODUCT = YES;
			};
			name = Release;
		};
		672D6A0B229251CD00C1181E /* Debug */ = {
			isa = XCBuildConfiguration;
			buildSettings = {
				ASSETCATALOG_COMPILER_APPICON_NAME = AppIcon;
				CODE_SIGN_STYLE = Automatic;
				DEVELOPMENT_TEAM = T2A2NXUESB;
				INFOPLIST_FILE = PullToRefresh08/Info.plist;
				LD_RUNPATH_SEARCH_PATHS = (
					"$(inherited)",
					"@executable_path/Frameworks",
				);
				PRODUCT_BUNDLE_IDENTIFIER = com.sophiaxinlu.PullToRefresh08;
				PRODUCT_NAME = "$(TARGET_NAME)";
				SWIFT_VERSION = 5.0;
				TARGETED_DEVICE_FAMILY = "1,2";
			};
			name = Debug;
		};
		672D6A0C229251CD00C1181E /* Release */ = {
			isa = XCBuildConfiguration;
			buildSettings = {
				ASSETCATALOG_COMPILER_APPICON_NAME = AppIcon;
				CODE_SIGN_STYLE = Automatic;
				DEVELOPMENT_TEAM = T2A2NXUESB;
				INFOPLIST_FILE = PullToRefresh08/Info.plist;
				LD_RUNPATH_SEARCH_PATHS = (
					"$(inherited)",
					"@executable_path/Frameworks",
				);
				PRODUCT_BUNDLE_IDENTIFIER = com.sophiaxinlu.PullToRefresh08;
				PRODUCT_NAME = "$(TARGET_NAME)";
				SWIFT_VERSION = 5.0;
				TARGETED_DEVICE_FAMILY = "1,2";
			};
			name = Release;
		};
		672D6A0E229251CD00C1181E /* Debug */ = {
			isa = XCBuildConfiguration;
			buildSettings = {
				ALWAYS_EMBED_SWIFT_STANDARD_LIBRARIES = YES;
				BUNDLE_LOADER = "$(TEST_HOST)";
				CODE_SIGN_STYLE = Automatic;
				DEVELOPMENT_TEAM = T2A2NXUESB;
				INFOPLIST_FILE = PullToRefresh08Tests/Info.plist;
				LD_RUNPATH_SEARCH_PATHS = (
					"$(inherited)",
					"@executable_path/Frameworks",
					"@loader_path/Frameworks",
				);
				PRODUCT_BUNDLE_IDENTIFIER = com.sophiaxinlu.PullToRefresh08Tests;
				PRODUCT_NAME = "$(TARGET_NAME)";
				SWIFT_VERSION = 5.0;
				TARGETED_DEVICE_FAMILY = "1,2";
				TEST_HOST = "$(BUILT_PRODUCTS_DIR)/PullToRefresh08.app/PullToRefresh08";
			};
			name = Debug;
		};
		672D6A0F229251CD00C1181E /* Release */ = {
			isa = XCBuildConfiguration;
			buildSettings = {
				ALWAYS_EMBED_SWIFT_STANDARD_LIBRARIES = YES;
				BUNDLE_LOADER = "$(TEST_HOST)";
				CODE_SIGN_STYLE = Automatic;
				DEVELOPMENT_TEAM = T2A2NXUESB;
				INFOPLIST_FILE = PullToRefresh08Tests/Info.plist;
				LD_RUNPATH_SEARCH_PATHS = (
					"$(inherited)",
					"@executable_path/Frameworks",
					"@loader_path/Frameworks",
				);
				PRODUCT_BUNDLE_IDENTIFIER = com.sophiaxinlu.PullToRefresh08Tests;
				PRODUCT_NAME = "$(TARGET_NAME)";
				SWIFT_VERSION = 5.0;
				TARGETED_DEVICE_FAMILY = "1,2";
				TEST_HOST = "$(BUILT_PRODUCTS_DIR)/PullToRefresh08.app/PullToRefresh08";
			};
			name = Release;
		};
		672D6A11229251CD00C1181E /* Debug */ = {
			isa = XCBuildConfiguration;
			buildSettings = {
				ALWAYS_EMBED_SWIFT_STANDARD_LIBRARIES = YES;
				CODE_SIGN_STYLE = Automatic;
				DEVELOPMENT_TEAM = T2A2NXUESB;
				INFOPLIST_FILE = PullToRefresh08UITests/Info.plist;
				LD_RUNPATH_SEARCH_PATHS = (
					"$(inherited)",
					"@executable_path/Frameworks",
					"@loader_path/Frameworks",
				);
				PRODUCT_BUNDLE_IDENTIFIER = com.sophiaxinlu.PullToRefresh08UITests;
				PRODUCT_NAME = "$(TARGET_NAME)";
				SWIFT_VERSION = 5.0;
				TARGETED_DEVICE_FAMILY = "1,2";
				TEST_TARGET_NAME = PullToRefresh08;
			};
			name = Debug;
		};
		672D6A12229251CD00C1181E /* Release */ = {
			isa = XCBuildConfiguration;
			buildSettings = {
				ALWAYS_EMBED_SWIFT_STANDARD_LIBRARIES = YES;
				CODE_SIGN_STYLE = Automatic;
				DEVELOPMENT_TEAM = T2A2NXUESB;
				INFOPLIST_FILE = PullToRefresh08UITests/Info.plist;
				LD_RUNPATH_SEARCH_PATHS = (
					"$(inherited)",
					"@executable_path/Frameworks",
					"@loader_path/Frameworks",
				);
				PRODUCT_BUNDLE_IDENTIFIER = com.sophiaxinlu.PullToRefresh08UITests;
				PRODUCT_NAME = "$(TARGET_NAME)";
				SWIFT_VERSION = 5.0;
				TARGETED_DEVICE_FAMILY = "1,2";
				TEST_TARGET_NAME = PullToRefresh08;
			};
			name = Release;
		};
/* End XCBuildConfiguration section */

/* Begin XCConfigurationList section */
		672D69DD229251CB00C1181E /* Build configuration list for PBXProject "PullToRefresh08" */ = {
			isa = XCConfigurationList;
			buildConfigurations = (
				672D6A08229251CD00C1181E /* Debug */,
				672D6A09229251CD00C1181E /* Release */,
			);
			defaultConfigurationIsVisible = 0;
			defaultConfigurationName = Release;
		};
		672D6A0A229251CD00C1181E /* Build configuration list for PBXNativeTarget "PullToRefresh08" */ = {
			isa = XCConfigurationList;
			buildConfigurations = (
				672D6A0B229251CD00C1181E /* Debug */,
				672D6A0C229251CD00C1181E /* Release */,
			);
			defaultConfigurationIsVisible = 0;
			defaultConfigurationName = Release;
		};
		672D6A0D229251CD00C1181E /* Build configuration list for PBXNativeTarget "PullToRefresh08Tests" */ = {
			isa = XCConfigurationList;
			buildConfigurations = (
				672D6A0E229251CD00C1181E /* Debug */,
				672D6A0F229251CD00C1181E /* Release */,
			);
			defaultConfigurationIsVisible = 0;
			defaultConfigurationName = Release;
		};
		672D6A10229251CD00C1181E /* Build configuration list for PBXNativeTarget "PullToRefresh08UITests" */ = {
			isa = XCConfigurationList;
			buildConfigurations = (
				672D6A11229251CD00C1181E /* Debug */,
				672D6A12229251CD00C1181E /* Release */,
			);
			defaultConfigurationIsVisible = 0;
			defaultConfigurationName = Release;
		};
/* End XCConfigurationList section */
	};
	rootObject = 672D69DA229251CB00C1181E /* Project object */;
}
